
Microsoft Visual Studio Solution File, Format Version 12.00
# Visual Studio Version 17
VisualStudioVersion = 17.4.32804.182
MinimumVisualStudioVersion = 10.0.40219.1
Project("{9A19103F-16F7-4668-BE54-9A1E7A4F7556}") = "TrainingBlazorApp", "TrainingBlazorApp\TrainingBlazorApp.csproj", "{5D831C19-506F-4049-951B-41EB78E1E7DD}"
EndProject
Project("{9A19103F-16F7-4668-BE54-9A1E7A4F7556}") = "SBWeb", "SBWeb\SBWeb.csproj", "{1DF57592-08FD-4904-96D0-486FC97B2500}"
EndProject
Project("{FAE04EC0-301F-11D3-BF4B-00C04F79EFBC}") = "MudApp", "MudApp\MudApp.csproj", "{71BBB34B-CCEE-4B59-AC08-CF8B84976150}"
EndProject
Project("{FAE04EC0-301F-11D3-BF4B-00C04F79EFBC}") = "BlazorMobile", "BlazorMobile\BlazorMobile.csproj", "{F12FD3C4-0A27-487E-93A9-2AB3D01ED3D4}"
EndProject
Global
	GlobalSection(SolutionConfigurationPlatforms) = preSolution
		Debug|Any CPU = Debug|Any CPU
		Release|Any CPU = Release|Any CPU
	EndGlobalSection
	GlobalSection(ProjectConfigurationPlatforms) = postSolution
		{5D831C19-506F-4049-951B-41EB78E1E7DD}.Debug|Any CPU.ActiveCfg = Debug|Any CPU
		{5D831C19-506F-4049-951B-41EB78E1E7DD}.Debug|Any CPU.Build.0 = Debug|Any CPU
		{5D831C19-506F-4049-951B-41EB78E1E7DD}.Release|Any CPU.ActiveCfg = Release|Any CPU
		{5D831C19-506F-4049-951B-41EB78E1E7DD}.Release|Any CPU.Build.0 = Release|Any CPU
		{1DF57592-08FD-4904-96D0-486FC97B2500}.Debug|Any CPU.ActiveCfg = Debug|Any CPU
		{1DF57592-08FD-4904-96D0-486FC97B2500}.Debug|Any CPU.Build.0 = Debug|Any CPU
		{1DF57592-08FD-4904-96D0-486FC97B2500}.Release|Any CPU.ActiveCfg = Release|Any CPU
		{1DF57592-08FD-4904-96D0-486FC97B2500}.Release|Any CPU.Build.0 = Release|Any CPU
		{71BBB34B-CCEE-4B59-AC08-CF8B84976150}.Debug|Any CPU.ActiveCfg = Debug|Any CPU
		{71BBB34B-CCEE-4B59-AC08-CF8B84976150}.Debug|Any CPU.Build.0 = Debug|Any CPU
		{71BBB34B-CCEE-4B59-AC08-CF8B84976150}.Release|Any CPU.ActiveCfg = Release|Any CPU
		{71BBB34B-CCEE-4B59-AC08-CF8B84976150}.Release|Any CPU.Build.0 = Release|Any CPU
		{F12FD3C4-0A27-487E-93A9-2AB3D01ED3D4}.Debug|Any CPU.ActiveCfg = Debug|Any CPU
		{F12FD3C4-0A27-487E-93A9-2AB3D01ED3D4}.Debug|Any CPU.Build.0 = Debug|Any CPU
		{F12FD3C4-0A27-487E-93A9-2AB3D01ED3D4}.Debug|Any CPU.Deploy.0 = Debug|Any CPU
		{F12FD3C4-0A27-487E-93A9-2AB3D01ED3D4}.Release|Any CPU.ActiveCfg = Release|Any CPU
		{F12FD3C4-0A27-487E-93A9-2AB3D01ED3D4}.Release|Any CPU.Build.0 = Release|Any CPU
		{F12FD3C4-0A27-487E-93A9-2AB3D01ED3D4}.Release|Any CPU.Deploy.0 = Release|Any CPU
	EndGlobalSection
	GlobalSection(SolutionProperties) = preSolution
		HideSolutionNode = FALSE
	EndGlobalSection
	GlobalSection(ExtensibilityGlobals) = postSolution
		SolutionGuid = {78F6DDD0-4BAE-4C41-809C-56E1A4AFB3B7}
	EndGlobalSection
EndGlobal
